<?xml version="1.0" encoding="utf-8"?>
<Project ToolsVersion="4.0" xmlns="http://schemas.microsoft.com/developer/msbuild/2003">
  <ItemGroup>
    <Filter Include="Source Files">
      <UniqueIdentifier>{4FC737F1-C7A5-4376-A066-2A32D752A2FF}</UniqueIdentifier>
      <Extensions>cpp;c;cc;cxx;def;odl;idl;hpj;bat;asm;asmx</Extensions>
    </Filter>
    <Filter Include="Header Files">
      <UniqueIdentifier>{93995380-89BD-4b04-88EB-625FBE52EBFB}</UniqueIdentifier>
      <Extensions>h;hpp;hxx;hm;inl;inc;xsd</Extensions>
    </Filter>
    <Filter Include="Resource Files">
      <UniqueIdentifier>{67DA6AB6-F800-4c08-8B7A-83BB121AAD01}</UniqueIdentifier>
      <Extensions>rc;ico;cur;bmp;dlg;rc2;rct;bin;rgs;gif;jpg;jpeg;jpe;resx;tiff;tif;png;wav;mfcribbon-ms</Extensions>
    </Filter>
    <Filter Include="Header Files\Scene Objects">
      <UniqueIdentifier>{625ee035-a690-47af-a190-52c81ec7586a}</UniqueIdentifier>
    </Filter>
    <Filter Include="Source Files\Scene Objects">
      <UniqueIdentifier>{e8674349-cc4f-4ad4-b611-d2c9013470f9}</UniqueIdentifier>
    </Filter>
    <Filter Include="Header Files\GL Classes">
      <UniqueIdentifier>{c16bf438-84fe-4ba7-b8f4-a1d550ecd5ed}</UniqueIdentifier>
    </Filter>
    <Filter Include="Source Files\GL Classes">
      <UniqueIdentifier>{13f1b71c-d971-4454-8b08-78b1e306a6bc}</UniqueIdentifier>
    </Filter>
    <Filter Include="Resource Files\Textures">
      <UniqueIdentifier>{d4e232ef-082a-434a-9cad-b5dee925503e}</UniqueIdentifier>
    </Filter>
    <Filter Include="Resource Files\Shaders">
      <UniqueIdentifier>{05af772e-7d77-4ebb-9843-8570dca83239}</UniqueIdentifier>
    </Filter>
    <Filter Include="Resource Files\Shaders\Fragment Shaders">
      <UniqueIdentifier>{2abf3006-808b-4494-b5dd-b5efd42899f0}</UniqueIdentifier>
    </Filter>
    <Filter Include="Resource Files\Shaders\Vertex shaders">
      <UniqueIdentifier>{061b10cc-6f37-4476-ab12-84fbe44db240}</UniqueIdentifier>
    </Filter>
    <Filter Include="Resource Files\Textures\Skybox">
      <UniqueIdentifier>{f44578e4-5f21-40e8-8b72-345a68a04c69}</UniqueIdentifier>
    </Filter>
  </ItemGroup>
  <ItemGroup>
    <ClCompile Include="main.cpp">
      <Filter>Source Files</Filter>
    </ClCompile>
    <ClCompile Include="Application.cpp">
      <Filter>Source Files</Filter>
    </ClCompile>
    <ClCompile Include="SpaceObject.cpp">
      <Filter>Source Files\Scene Objects</Filter>
    </ClCompile>
    <ClCompile Include="Planet.cpp">
      <Filter>Source Files\Scene Objects</Filter>
    </ClCompile>
    <ClCompile Include="Camera.cpp">
      <Filter>Source Files</Filter>
    </ClCompile>
    <ClCompile Include="Mesh.cpp">
      <Filter>Source Files\GL Classes</Filter>
    </ClCompile>
    <ClCompile Include="Shader.cpp">
      <Filter>Source Files\GL Classes</Filter>
    </ClCompile>
    <ClCompile Include="GLDebugMessageCallback.cpp">
      <Filter>Source Files\GL Classes</Filter>
    </ClCompile>
    <ClCompile Include="SolarSystem.cpp">
      <Filter>Source Files\Scene Objects</Filter>
    </ClCompile>
    <ClCompile Include="Sun.cpp">
      <Filter>Source Files\Scene Objects</Filter>
    </ClCompile>
    <ClCompile Include="Drawable.cpp">
      <Filter>Source Files</Filter>
    </ClCompile>
    <ClCompile Include="Sphere.cpp">
      <Filter>Source Files\GL Classes</Filter>
    </ClCompile>
    <ClCompile Include="PlanetMesh.cpp">
      <Filter>Source Files\Scene Objects</Filter>
    </ClCompile>
    <ClCompile Include="CubeMesh.cpp">
      <Filter>Source Files\GL Classes</Filter>
    </ClCompile>
    <ClCompile Include="SkyBox.cpp">
      <Filter>Source Files\GL Classes</Filter>
    </ClCompile>
    <ClCompile Include="SolarSystemSkyBox.cpp">
      <Filter>Source Files\Scene Objects</Filter>
    </ClCompile>
  </ItemGroup>
  <ItemGroup>
    <ClInclude Include="Application.h">
      <Filter>Header Files</Filter>
    </ClInclude>
    <ClInclude Include="Drawable.h">
      <Filter>Header Files</Filter>
    </ClInclude>
    <ClInclude Include="Moveable.h">
      <Filter>Header Files</Filter>
    </ClInclude>
    <ClInclude Include="Camera.h">
      <Filter>Header Files</Filter>
    </ClInclude>
    <ClInclude Include="DataTypes.h">
      <Filter>Header Files</Filter>
    </ClInclude>
    <ClInclude Include="SpaceObject.h">
      <Filter>Header Files\Scene Objects</Filter>
    </ClInclude>
    <ClInclude Include="Sun.h">
      <Filter>Header Files\Scene Objects</Filter>
    </ClInclude>
    <ClInclude Include="Planet.h">
      <Filter>Header Files\Scene Objects</Filter>
    </ClInclude>
    <ClInclude Include="GLDebugMessageCallback.h">
      <Filter>Header Files\GL Classes</Filter>
    </ClInclude>
    <ClInclude Include="Mesh.h">
      <Filter>Header Files\GL Classes</Filter>
    </ClInclude>
    <ClInclude Include="Shader.h">
      <Filter>Header Files\GL Classes</Filter>
    </ClInclude>
    <ClInclude Include="SolarSystem.h">
      <Filter>Header Files\Scene Objects</Filter>
    </ClInclude>
    <ClInclude Include="Sphere.h">
      <Filter>Header Files\GL Classes</Filter>
    </ClInclude>
    <ClInclude Include="PlanetMesh.h">
      <Filter>Header Files\Scene Objects</Filter>
    </ClInclude>
    <ClInclude Include="Cube.h">
      <Filter>Header Files\GL Classes</Filter>
    </ClInclude>
    <ClInclude Include="CubeMesh.h">
      <Filter>Header Files\GL Classes</Filter>
    </ClInclude>
    <ClInclude Include="SkyBox.h">
      <Filter>Header Files\GL Classes</Filter>
    </ClInclude>
    <ClInclude Include="SolarSystemSkyBox.h">
      <Filter>Header Files\Scene Objects</Filter>
    </ClInclude>
    <ClInclude Include="stb_image.h">
      <Filter>Header Files</Filter>
    </ClInclude>
  </ItemGroup>
  <ItemGroup>
    <None Include="..\README.md">
      <Filter>Resource Files</Filter>
    </None>
    <None Include="planet.frag">
      <Filter>Resource Files\Shaders\Fragment Shaders</Filter>
    </None>
    <None Include="planet.vert">
      <Filter>Resource Files\Shaders\Vertex shaders</Filter>
    </None>
    <None Include="default.vert">
      <Filter>Resource Files\Shaders\Vertex shaders</Filter>
    </None>
    <None Include="default.frag">
      <Filter>Resource Files\Shaders\Fragment Shaders</Filter>
    </None>
    <None Include="skybox.frag">
      <Filter>Resource Files\Shaders\Fragment Shaders</Filter>
    </None>
    <None Include="skybox.vert">
      <Filter>Resource Files\Shaders\Vertex shaders</Filter>
    </None>
  </ItemGroup>
  <ItemGroup>
    <Image Include="Textures\skybox.jpg">
      <Filter>Resource Files\Textures</Filter>
    </Image>
    <Image Include="Textures\sun.jpg">
      <Filter>Resource Files\Textures</Filter>
    </Image>
    <Image Include="Textures\saturn.jpg">
      <Filter>Resource Files\Textures</Filter>
    </Image>
    <Image Include="Textures\uranus.jpg">
      <Filter>Resource Files\Textures</Filter>
    </Image>
    <Image Include="Textures\venus.jpg">
      <Filter>Resource Files\Textures</Filter>
    </Image>
    <Image Include="Textures\earth.jpg">
      <Filter>Resource Files\Textures</Filter>
    </Image>
    <Image Include="Textures\jupiter.jpg">
      <Filter>Resource Files\Textures</Filter>
    </Image>
    <Image Include="Textures\mars.jpg">
      <Filter>Resource Files\Textures</Filter>
    </Image>
    <Image Include="Textures\mercury.jpg">
      <Filter>Resource Files\Textures</Filter>
    </Image>
    <Image Include="Textures\neptune.jpg">
      <Filter>Resource Files\Textures</Filter>
    </Image>
    <Image Include="Textures\Skybox\left.jpg">
      <Filter>Resource Files\Textures\Skybox</Filter>
    </Image>
    <Image Include="Textures\Skybox\right.jpg">
      <Filter>Resource Files\Textures\Skybox</Filter>
    </Image>
    <Image Include="Textures\Skybox\top.jpg">
      <Filter>Resource Files\Textures\Skybox</Filter>
    </Image>
    <Image Include="Textures\Skybox\back.jpg">
      <Filter>Resource Files\Textures\Skybox</Filter>
    </Image>
    <Image Include="Textures\Skybox\bottom.jpg">
      <Filter>Resource Files\Textures\Skybox</Filter>
    </Image>
    <Image Include="Textures\Skybox\front.jpg">
      <Filter>Resource Files\Textures\Skybox</Filter>
    </Image>
  </ItemGroup>
</Project>